
Microsoft Visual Studio Solution File, Format Version 12.00
# Visual Studio Version 17
VisualStudioVersion = 17.7.34221.43
MinimumVisualStudioVersion = 10.0.40219.1
Project("{9A19103F-16F7-4668-BE54-9A1E7A4F7556}") = "G6RXAI_ADT_2023241.Client", "G6RXAI_ADT_2023241.Client\G6RXAI_ADT_2023241.Client.csproj", "{513AF353-E6A4-4C29-AB2E-D4AA27CD96E9}"
EndProject
Project("{9A19103F-16F7-4668-BE54-9A1E7A4F7556}") = "G6RXAI_ADT_2023241.Models", "G6RXAI_ADT_2023241.Models\G6RXAI_ADT_2023241.Models.csproj", "{39D1D8CE-D813-4F91-80FF-1A04BBA04DDF}"
EndProject
Project("{9A19103F-16F7-4668-BE54-9A1E7A4F7556}") = "G6RXAI_ADT_2023241.Logic", "G6RXAI_ADT_2023241.Logic\G6RXAI_ADT_2023241.Logic.csproj", "{3A81594E-6889-4AB5-94EF-876AAB71D888}"
EndProject
Project("{9A19103F-16F7-4668-BE54-9A1E7A4F7556}") = "G6RXAI_ADT_2023241.Endpoint", "G6RXAI_ADT_2023241.Endpoint\G6RXAI_ADT_2023241.Endpoint.csproj", "{6DEB8761-C49D-4A57-82DC-5AB7782DECDE}"
EndProject
Project("{2150E333-8FDC-42A3-9474-1A3956D46DE8}") = "Backend", "Backend", "{BCD5D992-B214-48D4-B3FE-D2E63954DF02}"
EndProject
Project("{2150E333-8FDC-42A3-9474-1A3956D46DE8}") = "Frontend", "Frontend", "{DA637C24-7A82-425B-BD97-5770B3483691}"
EndProject
Project("{2150E333-8FDC-42A3-9474-1A3956D46DE8}") = "Shared", "Shared", "{02D2E5FF-26E0-42D1-9C65-7A2F30FE0C5C}"
EndProject
Project("{9A19103F-16F7-4668-BE54-9A1E7A4F7556}") = "G6RXAI_ADT_2023241.Repository", "G6RXAI_ADT_2023241.Repository\G6RXAI_ADT_2023241.Repository.csproj", "{F5522883-409E-4778-81F5-ED70F683F305}"
EndProject
Project("{9A19103F-16F7-4668-BE54-9A1E7A4F7556}") = "G6RXAI_ADT_2023241.Test", "G6RXAI_ADT_2023241.Test\G6RXAI_ADT_2023241.Test.csproj", "{9A57BCCF-962C-4E01-B0DE-AB0D527DB33C}"
EndProject
Global
	GlobalSection(SolutionConfigurationPlatforms) = preSolution
		Debug|Any CPU = Debug|Any CPU
		Release|Any CPU = Release|Any CPU
	EndGlobalSection
	GlobalSection(ProjectConfigurationPlatforms) = postSolution
		{513AF353-E6A4-4C29-AB2E-D4AA27CD96E9}.Debug|Any CPU.ActiveCfg = Debug|Any CPU
		{513AF353-E6A4-4C29-AB2E-D4AA27CD96E9}.Debug|Any CPU.Build.0 = Debug|Any CPU
		{513AF353-E6A4-4C29-AB2E-D4AA27CD96E9}.Release|Any CPU.ActiveCfg = Release|Any CPU
		{513AF353-E6A4-4C29-AB2E-D4AA27CD96E9}.Release|Any CPU.Build.0 = Release|Any CPU
		{39D1D8CE-D813-4F91-80FF-1A04BBA04DDF}.Debug|Any CPU.ActiveCfg = Debug|Any CPU
		{39D1D8CE-D813-4F91-80FF-1A04BBA04DDF}.Debug|Any CPU.Build.0 = Debug|Any CPU
		{39D1D8CE-D813-4F91-80FF-1A04BBA04DDF}.Release|Any CPU.ActiveCfg = Release|Any CPU
		{39D1D8CE-D813-4F91-80FF-1A04BBA04DDF}.Release|Any CPU.Build.0 = Release|Any CPU
		{3A81594E-6889-4AB5-94EF-876AAB71D888}.Debug|Any CPU.ActiveCfg = Debug|Any CPU
		{3A81594E-6889-4AB5-94EF-876AAB71D888}.Debug|Any CPU.Build.0 = Debug|Any CPU
		{3A81594E-6889-4AB5-94EF-876AAB71D888}.Release|Any CPU.ActiveCfg = Release|Any CPU
		{3A81594E-6889-4AB5-94EF-876AAB71D888}.Release|Any CPU.Build.0 = Release|Any CPU
		{6DEB8761-C49D-4A57-82DC-5AB7782DECDE}.Debug|Any CPU.ActiveCfg = Debug|Any CPU
		{6DEB8761-C49D-4A57-82DC-5AB7782DECDE}.Debug|Any CPU.Build.0 = Debug|Any CPU
		{6DEB8761-C49D-4A57-82DC-5AB7782DECDE}.Release|Any CPU.ActiveCfg = Release|Any CPU
		{6DEB8761-C49D-4A57-82DC-5AB7782DECDE}.Release|Any CPU.Build.0 = Release|Any CPU
		{F5522883-409E-4778-81F5-ED70F683F305}.Debug|Any CPU.ActiveCfg = Debug|Any CPU
		{F5522883-409E-4778-81F5-ED70F683F305}.Debug|Any CPU.Build.0 = Debug|Any CPU
		{F5522883-409E-4778-81F5-ED70F683F305}.Release|Any CPU.ActiveCfg = Release|Any CPU
		{F5522883-409E-4778-81F5-ED70F683F305}.Release|Any CPU.Build.0 = Release|Any CPU
		{9A57BCCF-962C-4E01-B0DE-AB0D527DB33C}.Debug|Any CPU.ActiveCfg = Debug|Any CPU
		{9A57BCCF-962C-4E01-B0DE-AB0D527DB33C}.Debug|Any CPU.Build.0 = Debug|Any CPU
		{9A57BCCF-962C-4E01-B0DE-AB0D527DB33C}.Release|Any CPU.ActiveCfg = Release|Any CPU
		{9A57BCCF-962C-4E01-B0DE-AB0D527DB33C}.Release|Any CPU.Build.0 = Release|Any CPU
	EndGlobalSection
	GlobalSection(SolutionProperties) = preSolution
		HideSolutionNode = FALSE
	EndGlobalSection
	GlobalSection(NestedProjects) = preSolution
		{513AF353-E6A4-4C29-AB2E-D4AA27CD96E9} = {DA637C24-7A82-425B-BD97-5770B3483691}
		{39D1D8CE-D813-4F91-80FF-1A04BBA04DDF} = {02D2E5FF-26E0-42D1-9C65-7A2F30FE0C5C}
		{3A81594E-6889-4AB5-94EF-876AAB71D888} = {BCD5D992-B214-48D4-B3FE-D2E63954DF02}
		{6DEB8761-C49D-4A57-82DC-5AB7782DECDE} = {BCD5D992-B214-48D4-B3FE-D2E63954DF02}
		{F5522883-409E-4778-81F5-ED70F683F305} = {BCD5D992-B214-48D4-B3FE-D2E63954DF02}
		{9A57BCCF-962C-4E01-B0DE-AB0D527DB33C} = {BCD5D992-B214-48D4-B3FE-D2E63954DF02}
	EndGlobalSection
	GlobalSection(ExtensibilityGlobals) = postSolution
		SolutionGuid = {66321A65-45E9-4E5A-9438-8618488B2F3E}
	EndGlobalSection
EndGlobal
